
Microsoft Visual Studio Solution File, Format Version 12.00
# Visual Studio Version 17
VisualStudioVersion = 17.8.34322.80
MinimumVisualStudioVersion = 10.0.40219.1
Project("{FAE04EC0-301F-11D3-BF4B-00C04F79EFBC}") = "mcts.Library", "mcts.Library.csproj", "{C86BD4A5-6043-4075-8576-A00F0FA21C1B}"
EndProject
Project("{FAE04EC0-301F-11D3-BF4B-00C04F79EFBC}") = "mcts.TicTacToe", "..\mcts.TicTacToe\mcts.TicTacToe.csproj", "{01DC15BC-4291-4E33-A2AF-6BEA483C3362}"
EndProject
Global
	GlobalSection(SolutionConfigurationPlatforms) = preSolution
		Debug|Any CPU = Debug|Any CPU
		Release|Any CPU = Release|Any CPU
	EndGlobalSection
	GlobalSection(ProjectConfigurationPlatforms) = postSolution
		{C86BD4A5-6043-4075-8576-A00F0FA21C1B}.Debug|Any CPU.ActiveCfg = Debug|Any CPU
		{C86BD4A5-6043-4075-8576-A00F0FA21C1B}.Debug|Any CPU.Build.0 = Debug|Any CPU
		{C86BD4A5-6043-4075-8576-A00F0FA21C1B}.Release|Any CPU.ActiveCfg = Release|Any CPU
		{C86BD4A5-6043-4075-8576-A00F0FA21C1B}.Release|Any CPU.Build.0 = Release|Any CPU
		{01DC15BC-4291-4E33-A2AF-6BEA483C3362}.Debug|Any CPU.ActiveCfg = Debug|Any CPU
		{01DC15BC-4291-4E33-A2AF-6BEA483C3362}.Debug|Any CPU.Build.0 = Debug|Any CPU
		{01DC15BC-4291-4E33-A2AF-6BEA483C3362}.Release|Any CPU.ActiveCfg = Release|Any CPU
		{01DC15BC-4291-4E33-A2AF-6BEA483C3362}.Release|Any CPU.Build.0 = Release|Any CPU
	EndGlobalSection
	GlobalSection(SolutionProperties) = preSolution
		HideSolutionNode = FALSE
	EndGlobalSection
	GlobalSection(ExtensibilityGlobals) = postSolution
		SolutionGuid = {F2DD0C7F-1B37-46F7-9C25-972F6F4A2158}
	EndGlobalSection
EndGlobal
